{
  "version": 4,
  "terraform_version": "1.10.5",
  "serial": 12,
  "lineage": "b5eb3410-fd67-3bc4-9a17-a37aa600c6b7",
  "outputs": {},
  "resources": [
    {
      "mode": "managed",
      "type": "aws_cloudfront_origin_access_identity",
      "name": "origin_access_identity",
      "provider": "provider[\"registry.terraform.io/hashicorp/aws\"]",
      "instances": [
        {
          "schema_version": 0,
          "attributes": {
            "arn": "arn:aws:cloudfront::656226732281:origin-access-identity/E143FM40HXAJHC",
            "caller_reference": "terraform-20250405171501984600000001",
            "cloudfront_access_identity_path": "origin-access-identity/cloudfront/E143FM40HXAJHC",
            "comment": "s3-conchspire",
            "etag": "E28NRNFIHXXNB6",
            "iam_arn": "arn:aws:iam::cloudfront:user/CloudFront Origin Access Identity E143FM40HXAJHC",
            "id": "E143FM40HXAJHC",
            "s3_canonical_user_id": "2d0ffd0eaca981a1128b90bffeaa76577c51a6c1769a3c6982b5f3274328763080bba8b053e64b824b777123009ab435"
          },
          "sensitive_attributes": [],
          "private": "bnVsbA=="
        }
      ]
    }
  ],
  "check_results": null
}
